Microsoft Visual Studio Solution File, Format Version 12.00
# Visual Studio Version 17
VisualStudioVersion = 17.14.36109.1
MinimumVisualStudioVersion = 10.0.40219.1
Project("{FAE04EC0-301F-11D3-BF4B-00C04F79EFBC}") = "UserService", "UserService\UserService.csproj", "{2B2DC3F9-8493-4946-BD7B-29C11E1196AF}"
EndProject
Project("{FAE04EC0-301F-11D3-BF4B-00C04F79EFBC}") = "TwoWheelVehicleService", "TwoWheelVehicleService\TwoWheelVehicleService.csproj", "{AB968ED8-6712-4028-93E5-986195FF7EF9}"
EndProject
Project("{FAE04EC0-301F-11D3-BF4B-00C04F79EFBC}") = "StationService", "StationService\StationService.csproj", "{CFF6281F-DEB5-44BE-969E-4B574651EB9C}"
EndProject
Project("{2150E333-8FDC-42A3-9474-1A3956D46DE8}") = "Solution Items", "Solution Items", "{8EC462FD-D22E-90A8-E5CE-7E832BA40C5D}"
	ProjectSection(SolutionItems) = preProject
		.gitignore = .gitignore
	EndProjectSection
EndProject
Project("{FAE04EC0-301F-11D3-BF4B-00C04F79EFBC}") = "AdminDashboardService", "AdminDashboardService\AdminDashboardService.csproj", "{2B65E67E-6247-A28D-752D-F43E716B766D}"
EndProject
Project("{FAE04EC0-301F-11D3-BF4B-00C04F79EFBC}") = "BookingService", "BookingService\BookingService\BookingService.csproj", "{99932ED2-ED1E-B0FF-874F-F70F4C8E4A66}"
EndProject
Global
	GlobalSection(SolutionConfigurationPlatforms) = preSolution
		Debug|Any CPU = Debug|Any CPU
		Release|Any CPU = Release|Any CPU
	EndGlobalSection
	GlobalSection(ProjectConfigurationPlatforms) = postSolution
		{2B2DC3F9-8493-4946-BD7B-29C11E1196AF}.Debug|Any CPU.ActiveCfg = Debug|Any CPU
		{2B2DC3F9-8493-4946-BD7B-29C11E1196AF}.Debug|Any CPU.Build.0 = Debug|Any CPU
		{2B2DC3F9-8493-4946-BD7B-29C11E1196AF}.Release|Any CPU.ActiveCfg = Release|Any CPU
		{2B2DC3F9-8493-4946-BD7B-29C11E1196AF}.Release|Any CPU.Build.0 = Release|Any CPU
		{AB968ED8-6712-4028-93E5-986195FF7EF9}.Debug|Any CPU.ActiveCfg = Debug|Any CPU
		{AB968ED8-6712-4028-93E5-986195FF7EF9}.Debug|Any CPU.Build.0 = Debug|Any CPU
		{AB968ED8-6712-4028-93E5-986195FF7EF9}.Release|Any CPU.ActiveCfg = Release|Any CPU
		{AB968ED8-6712-4028-93E5-986195FF7EF9}.Release|Any CPU.Build.0 = Release|Any CPU
		{CFF6281F-DEB5-44BE-969E-4B574651EB9C}.Debug|Any CPU.ActiveCfg = Debug|Any CPU
		{CFF6281F-DEB5-44BE-969E-4B574651EB9C}.Debug|Any CPU.Build.0 = Debug|Any CPU
		{CFF6281F-DEB5-44BE-969E-4B574651EB9C}.Release|Any CPU.ActiveCfg = Release|Any CPU
		{CFF6281F-DEB5-44BE-969E-4B574651EB9C}.Release|Any CPU.Build.0 = Release|Any CPU
		{2B65E67E-6247-A28D-752D-F43E716B766D}.Debug|Any CPU.ActiveCfg = Debug|Any CPU
		{2B65E67E-6247-A28D-752D-F43E716B766D}.Debug|Any CPU.Build.0 = Debug|Any CPU
		{2B65E67E-6247-A28D-752D-F43E716B766D}.Release|Any CPU.ActiveCfg = Release|Any CPU
		{2B65E67E-6247-A28D-752D-F43E716B766D}.Release|Any CPU.Build.0 = Release|Any CPU
		{99932ED2-ED1E-B0FF-874F-F70F4C8E4A66}.Debug|Any CPU.ActiveCfg = Debug|Any CPU
		{99932ED2-ED1E-B0FF-874F-F70F4C8E4A66}.Debug|Any CPU.Build.0 = Debug|Any CPU
		{99932ED2-ED1E-B0FF-874F-F70F4C8E4A66}.Release|Any CPU.ActiveCfg = Release|Any CPU
		{99932ED2-ED1E-B0FF-874F-F70F4C8E4A66}.Release|Any CPU.Build.0 = Release|Any CPU
	EndGlobalSection
	GlobalSection(SolutionProperties) = preSolution
		HideSolutionNode = FALSE
	EndGlobalSection
	GlobalSection(ExtensibilityGlobals) = postSolution
		SolutionGuid = {0C852F5D-F132-47B8-B08B-C505AC98572D}
	EndGlobalSection
EndGlobal
